
Microsoft Visual Studio Solution File, Format Version 12.00
# Visual Studio Version 16
VisualStudioVersion = 16.0.31729.503
MinimumVisualStudioVersion = 10.0.40219.1
Project("{FAE04EC0-301F-11D3-BF4B-00C04F79EFBC}") = "iot-api-practica2-Net5", "iot-api-practica2-Net5\iot-api-practica2-Net5.csproj", "{AF7178D9-99F5-4FD4-A25E-798BE0C6AAFA}"
EndProject
Global
	GlobalSection(SolutionConfigurationPlatforms) = preSolution
		Debug|Any CPU = Debug|Any CPU
		Release|Any CPU = Release|Any CPU
	EndGlobalSection
	GlobalSection(ProjectConfigurationPlatforms) = postSolution
		{AF7178D9-99F5-4FD4-A25E-798BE0C6AAFA}.Debug|Any CPU.ActiveCfg = Debug|Any CPU
		{AF7178D9-99F5-4FD4-A25E-798BE0C6AAFA}.Debug|Any CPU.Build.0 = Debug|Any CPU
		{AF7178D9-99F5-4FD4-A25E-798BE0C6AAFA}.Release|Any CPU.ActiveCfg = Release|Any CPU
		{AF7178D9-99F5-4FD4-A25E-798BE0C6AAFA}.Release|Any CPU.Build.0 = Release|Any CPU
	EndGlobalSection
	GlobalSection(SolutionProperties) = preSolution
		HideSolutionNode = FALSE
	EndGlobalSection
	GlobalSection(ExtensibilityGlobals) = postSolution
		SolutionGuid = {EF5385B0-2364-4E7F-B62D-AB7DC8D2EE46}
	EndGlobalSection
EndGlobal
